<?xml version="1.0" encoding="utf-8"?>
<Project ToolsVersion="4.0" xmlns="http://schemas.microsoft.com/developer/msbuild/2003">
  <ItemGroup>
    <Filter Include="Fichiers sources">
      <UniqueIdentifier>{4FC737F1-C7A5-4376-A066-2A32D752A2FF}</UniqueIdentifier>
      <Extensions>cpp;c;cc;cxx;def;odl;idl;hpj;bat;asm;asmx</Extensions>
    </Filter>
    <Filter Include="Fichiers d%27en-tête">
      <UniqueIdentifier>{93995380-89BD-4b04-88EB-625FBE52EBFB}</UniqueIdentifier>
      <Extensions>h;hh;hpp;hxx;hm;inl;inc;ipp;xsd</Extensions>
    </Filter>
    <Filter Include="Fichiers de ressources">
      <UniqueIdentifier>{67DA6AB6-F800-4c08-8B7A-83BB121AAD01}</UniqueIdentifier>
      <Extensions>rc;ico;cur;bmp;dlg;rc2;rct;bin;rgs;gif;jpg;jpeg;jpe;resx;tiff;tif;png;wav;mfcribbon-ms</Extensions>
    </Filter>
    <Filter Include="Shaders">
      <UniqueIdentifier>{b8df2362-7df2-43e4-874c-c1892361cad8}</UniqueIdentifier>
    </Filter>
    <Filter Include="Fichiers sources\Scenes">
      <UniqueIdentifier>{2c96eb3d-4966-4242-9c1b-97c186cfe7c6}</UniqueIdentifier>
    </Filter>
    <Filter Include="Fichiers sources\Tools">
      <UniqueIdentifier>{c8afaa86-e7aa-4a03-8005-6279c1216a2f}</UniqueIdentifier>
    </Filter>
    <Filter Include="Fichiers d%27en-tête\Tools">
      <UniqueIdentifier>{37bc7ab2-b53b-4457-8b57-8278680a021f}</UniqueIdentifier>
    </Filter>
    <Filter Include="Fichiers d%27en-tête\Scenes">
      <UniqueIdentifier>{c74c73dd-cc4b-419e-b196-94db36e78c8f}</UniqueIdentifier>
    </Filter>
    <Filter Include="Fichiers d%27en-tête\VoxelEngine">
      <UniqueIdentifier>{42c66c37-ded2-4f2d-b32e-5d28c6e5807d}</UniqueIdentifier>
    </Filter>
    <Filter Include="Fichiers d%27en-tête\Tools\Camera">
      <UniqueIdentifier>{57608de8-3b87-4c3b-995f-a7133626d215}</UniqueIdentifier>
    </Filter>
    <Filter Include="Fichiers sources\VoxelEngine">
      <UniqueIdentifier>{f3dce9c2-1c73-46cf-90e4-7e071a7a9cdb}</UniqueIdentifier>
    </Filter>
    <Filter Include="Fichiers sources\Tools\Camera">
      <UniqueIdentifier>{568314d1-cae8-459e-8452-700e24d792b2}</UniqueIdentifier>
    </Filter>
    <Filter Include="Shaders\Voxel">
      <UniqueIdentifier>{5fd32053-cca9-4c60-99ee-e64b4e412dde}</UniqueIdentifier>
    </Filter>
    <Filter Include="Shaders\Teapot">
      <UniqueIdentifier>{1988f994-e17e-4d14-97e3-6429c2e6f051}</UniqueIdentifier>
    </Filter>
    <Filter Include="Fichiers d%27en-tête\Tools\Mesh">
      <UniqueIdentifier>{3632fdf5-99d8-414a-9ecf-64f7fbfbaf54}</UniqueIdentifier>
    </Filter>
    <Filter Include="Fichiers d%27en-tête\Tools\Material">
      <UniqueIdentifier>{e5acf77a-cea2-4836-b8c4-1dd5275ccf3d}</UniqueIdentifier>
    </Filter>
    <Filter Include="Fichiers sources\Tools\Mesh">
      <UniqueIdentifier>{7d98ccc8-448a-41e7-a73e-18a6d477b97d}</UniqueIdentifier>
    </Filter>
    <Filter Include="Fichiers sources\Tools\Material">
      <UniqueIdentifier>{c33ff288-eb73-42be-bb46-cb3f9ff563c8}</UniqueIdentifier>
    </Filter>
  </ItemGroup>
  <ItemGroup>
    <ClCompile Include="Main.cpp">
      <Filter>Fichiers sources</Filter>
    </ClCompile>
    <ClCompile Include="glad.c">
      <Filter>Fichiers sources</Filter>
    </ClCompile>
    <ClCompile Include="Scene.cpp">
      <Filter>Fichiers sources\Scenes</Filter>
    </ClCompile>
    <ClCompile Include="DefaultScene.cpp">
      <Filter>Fichiers sources\Scenes</Filter>
    </ClCompile>
    <ClCompile Include="EmptyScene.cpp">
      <Filter>Fichiers sources\Scenes</Filter>
    </ClCompile>
    <ClCompile Include="PostProcessedScene.cpp">
      <Filter>Fichiers sources\Scenes</Filter>
    </ClCompile>
    <ClCompile Include="SkyBox.cpp">
      <Filter>Fichiers sources\Tools</Filter>
    </ClCompile>
    <ClCompile Include="VoxelScene.cpp">
      <Filter>Fichiers sources\VoxelEngine</Filter>
    </ClCompile>
    <ClCompile Include="Chunk.cpp">
      <Filter>Fichiers sources\VoxelEngine</Filter>
    </ClCompile>
    <ClCompile Include="Block.cpp">
      <Filter>Fichiers sources\VoxelEngine</Filter>
    </ClCompile>
    <ClCompile Include="GL_Block.cpp">
      <Filter>Fichiers sources\VoxelEngine</Filter>
    </ClCompile>
    <ClCompile Include="VoxelCameraBehavior.cpp">
      <Filter>Fichiers sources\VoxelEngine</Filter>
    </ClCompile>
    <ClCompile Include="GL_Renderer.cpp">
      <Filter>Fichiers sources\Tools</Filter>
    </ClCompile>
    <ClCompile Include="ChunkManager.cpp">
      <Filter>Fichiers sources\VoxelEngine</Filter>
    </ClCompile>
    <ClCompile Include="BaseCameraBehavior.cpp">
      <Filter>Fichiers sources\Tools\Camera</Filter>
    </ClCompile>
    <ClCompile Include="Camera.cpp">
      <Filter>Fichiers sources\Tools\Camera</Filter>
    </ClCompile>
    <ClCompile Include="DefaultCameraBehavior.cpp">
      <Filter>Fichiers sources\Tools\Camera</Filter>
    </ClCompile>
    <ClCompile Include="MeshLoader.cpp">
      <Filter>Fichiers sources\Tools</Filter>
    </ClCompile>
    <ClCompile Include="ImageTexture.cpp">
      <Filter>Fichiers sources\Tools\Material</Filter>
    </ClCompile>
    <ClCompile Include="Material.cpp">
      <Filter>Fichiers sources\Tools\Material</Filter>
    </ClCompile>
    <ClCompile Include="Model.cpp">
      <Filter>Fichiers sources\Tools\Mesh</Filter>
    </ClCompile>
    <ClCompile Include="Shader.cpp">
      <Filter>Fichiers sources\Tools\Material</Filter>
    </ClCompile>
    <ClCompile Include="Geometry.cpp">
      <Filter>Fichiers sources\Tools\Mesh</Filter>
    </ClCompile>
    <ClCompile Include="GeometryFactory.cpp">
      <Filter>Fichiers sources\Tools\Mesh</Filter>
    </ClCompile>
    <ClCompile Include="Mesh.cpp">
      <Filter>Fichiers sources\Tools\Mesh</Filter>
    </ClCompile>
    <ClCompile Include="RayTracingScene.cpp">
      <Filter>Fichiers sources\Scenes</Filter>
    </ClCompile>
  </ItemGroup>
  <ItemGroup>
    <Image Include="..\container.jpg">
      <Filter>Fichiers de ressources</Filter>
    </Image>
    <Image Include="..\Assets\containerWithIron.png">
      <Filter>Fichiers de ressources</Filter>
    </Image>
  </ItemGroup>
  <ItemGroup>
    <ClInclude Include="SkyBox.h">
      <Filter>Fichiers d%27en-tête\Tools</Filter>
    </ClInclude>
    <ClInclude Include="DefaultScene.h">
      <Filter>Fichiers d%27en-tête\Scenes</Filter>
    </ClInclude>
    <ClInclude Include="EmptyScene.h">
      <Filter>Fichiers d%27en-tête\Scenes</Filter>
    </ClInclude>
    <ClInclude Include="Scene.h">
      <Filter>Fichiers d%27en-tête\Scenes</Filter>
    </ClInclude>
    <ClInclude Include="PostProcessedScene.h">
      <Filter>Fichiers d%27en-tête\Scenes</Filter>
    </ClInclude>
    <ClInclude Include="GL_Block.h">
      <Filter>Fichiers d%27en-tête\VoxelEngine</Filter>
    </ClInclude>
    <ClInclude Include="VoxelScene.h">
      <Filter>Fichiers d%27en-tête\VoxelEngine</Filter>
    </ClInclude>
    <ClInclude Include="Block.h">
      <Filter>Fichiers d%27en-tête\VoxelEngine</Filter>
    </ClInclude>
    <ClInclude Include="Chunk.h">
      <Filter>Fichiers d%27en-tête\VoxelEngine</Filter>
    </ClInclude>
    <ClInclude Include="Camera.h">
      <Filter>Fichiers d%27en-tête\Tools\Camera</Filter>
    </ClInclude>
    <ClInclude Include="BaseCameraBehavior.h">
      <Filter>Fichiers d%27en-tête\Tools\Camera</Filter>
    </ClInclude>
    <ClInclude Include="DefaultCameraBehavior.h">
      <Filter>Fichiers d%27en-tête\Tools\Camera</Filter>
    </ClInclude>
    <ClInclude Include="ChunkManager.h">
      <Filter>Fichiers d%27en-tête\VoxelEngine</Filter>
    </ClInclude>
    <ClInclude Include="GL_Renderer.h">
      <Filter>Fichiers d%27en-tête\Tools</Filter>
    </ClInclude>
    <ClInclude Include="VoxelCameraBehavior.h">
      <Filter>Fichiers d%27en-tête\VoxelEngine</Filter>
    </ClInclude>
    <ClInclude Include="Mesh.h">
      <Filter>Fichiers d%27en-tête</Filter>
    </ClInclude>
    <ClInclude Include="Geometry.h">
      <Filter>Fichiers d%27en-tête\Tools\Mesh</Filter>
    </ClInclude>
    <ClInclude Include="GeometryFactory.h">
      <Filter>Fichiers d%27en-tête\Tools\Mesh</Filter>
    </ClInclude>
    <ClInclude Include="ImageTexture.h">
      <Filter>Fichiers d%27en-tête\Tools\Material</Filter>
    </ClInclude>
    <ClInclude Include="Material.h">
      <Filter>Fichiers d%27en-tête\Tools\Material</Filter>
    </ClInclude>
    <ClInclude Include="MeshLoader.h">
      <Filter>Fichiers d%27en-tête\Tools\Mesh</Filter>
    </ClInclude>
    <ClInclude Include="Model.h">
      <Filter>Fichiers d%27en-tête\Tools\Mesh</Filter>
    </ClInclude>
    <ClInclude Include="Shader.h">
      <Filter>Fichiers d%27en-tête\Tools\Material</Filter>
    </ClInclude>
    <ClInclude Include="RayTracingScene.h">
      <Filter>Fichiers d%27en-tête\Scenes</Filter>
    </ClInclude>
  </ItemGroup>
  <ItemGroup>
    <None Include="shaders\CubeFragmentShader.fs">
      <Filter>Shaders</Filter>
    </None>
    <None Include="shaders\CubeVertexShader.vs">
      <Filter>Shaders</Filter>
    </None>
    <None Include="shaders\LightSourceFragmentShader.fs">
      <Filter>Shaders</Filter>
    </None>
    <None Include="shaders\LightSourceVertexShader.vs">
      <Filter>Shaders</Filter>
    </None>
    <None Include="shaders\ScreenFragmentShader.fs">
      <Filter>Shaders</Filter>
    </None>
    <None Include="shaders\ScreenVertexShader.vs">
      <Filter>Shaders</Filter>
    </None>
    <None Include="shaders\SkyboxFragmentShader.fs">
      <Filter>Shaders</Filter>
    </None>
    <None Include="shaders\SkyboxVertexShader.vs">
      <Filter>Shaders</Filter>
    </None>
    <None Include="shaders\VoxelFragmentShader.fs">
      <Filter>Shaders\Voxel</Filter>
    </None>
    <None Include="shaders\VoxelFragmentShaderHighlight.fs">
      <Filter>Shaders\Voxel</Filter>
    </None>
    <None Include="shaders\VoxelVertexShader.vs">
      <Filter>Shaders\Voxel</Filter>
    </None>
    <None Include="shaders\VoxelVertexShaderHighlight.vs">
      <Filter>Shaders\Voxel</Filter>
    </None>
    <None Include="shaders\TeapotFragmentShader.fs">
      <Filter>Shaders\Teapot</Filter>
    </None>
    <None Include="shaders\TeapotVertexShader.vs">
      <Filter>Shaders\Teapot</Filter>
    </None>
    <None Include="shaders\HighlightFragmentShader.fs">
      <Filter>Shaders\Teapot</Filter>
    </None>
    <None Include="shaders\HighlightVertexShader.vs">
      <Filter>Shaders\Teapot</Filter>
    </None>
    <None Include="shaders\RayTracingFragmentShader.fs">
      <Filter>Shaders</Filter>
    </None>
    <None Include="shaders\RayTracingVertexShader .vs">
      <Filter>Shaders</Filter>
    </None>
  </ItemGroup>
</Project>