<?xml version="1.0" encoding="utf-8"?>
<Project ToolsVersion="4.0" xmlns="http://schemas.microsoft.com/developer/msbuild/2003">
  <ItemGroup>
    <Filter Include="Fichiers sources">
      <UniqueIdentifier>{4FC737F1-C7A5-4376-A066-2A32D752A2FF}</UniqueIdentifier>
      <Extensions>cpp;c;cc;cxx;def;odl;idl;hpj;bat;asm;asmx</Extensions>
    </Filter>
    <Filter Include="Fichiers d%27en-tête">
      <UniqueIdentifier>{93995380-89BD-4b04-88EB-625FBE52EBFB}</UniqueIdentifier>
      <Extensions>h;hh;hpp;hxx;hm;inl;inc;ipp;xsd</Extensions>
    </Filter>
    <Filter Include="Fichiers de ressources">
      <UniqueIdentifier>{67DA6AB6-F800-4c08-8B7A-83BB121AAD01}</UniqueIdentifier>
      <Extensions>rc;ico;cur;bmp;dlg;rc2;rct;bin;rgs;gif;jpg;jpeg;jpe;resx;tiff;tif;png;wav;mfcribbon-ms</Extensions>
    </Filter>
    <Filter Include="Shaders">
      <UniqueIdentifier>{b8df2362-7df2-43e4-874c-c1892361cad8}</UniqueIdentifier>
    </Filter>
    <Filter Include="Fichiers sources\Scenes">
      <UniqueIdentifier>{2c96eb3d-4966-4242-9c1b-97c186cfe7c6}</UniqueIdentifier>
    </Filter>
    <Filter Include="Fichiers sources\Tools">
      <UniqueIdentifier>{c8afaa86-e7aa-4a03-8005-6279c1216a2f}</UniqueIdentifier>
    </Filter>
    <Filter Include="Fichiers d%27en-tête\Tools">
      <UniqueIdentifier>{37bc7ab2-b53b-4457-8b57-8278680a021f}</UniqueIdentifier>
    </Filter>
    <Filter Include="Fichiers d%27en-tête\Scenes">
      <UniqueIdentifier>{c74c73dd-cc4b-419e-b196-94db36e78c8f}</UniqueIdentifier>
    </Filter>
  </ItemGroup>
  <ItemGroup>
    <ClCompile Include="Main.cpp">
      <Filter>Fichiers sources</Filter>
    </ClCompile>
    <ClCompile Include="glad.c">
      <Filter>Fichiers sources</Filter>
    </ClCompile>
    <ClCompile Include="Scene.cpp">
      <Filter>Fichiers sources\Scenes</Filter>
    </ClCompile>
    <ClCompile Include="DefaultScene.cpp">
      <Filter>Fichiers sources\Scenes</Filter>
    </ClCompile>
    <ClCompile Include="EmptyScene.cpp">
      <Filter>Fichiers sources\Scenes</Filter>
    </ClCompile>
    <ClCompile Include="PostProcessedScene.cpp">
      <Filter>Fichiers sources\Scenes</Filter>
    </ClCompile>
    <ClCompile Include="Camera.cpp">
      <Filter>Fichiers sources\Tools</Filter>
    </ClCompile>
    <ClCompile Include="ImageTexture.cpp">
      <Filter>Fichiers sources\Tools</Filter>
    </ClCompile>
    <ClCompile Include="ImportedModel.cpp">
      <Filter>Fichiers sources\Tools</Filter>
    </ClCompile>
    <ClCompile Include="Mesh.cpp">
      <Filter>Fichiers sources\Tools</Filter>
    </ClCompile>
    <ClCompile Include="Model.cpp">
      <Filter>Fichiers sources\Tools</Filter>
    </ClCompile>
    <ClCompile Include="Shader.cpp">
      <Filter>Fichiers sources\Tools</Filter>
    </ClCompile>
    <ClCompile Include="SkyBox.cpp">
      <Filter>Fichiers sources\Tools</Filter>
    </ClCompile>
    <ClCompile Include="VoxelScene.cpp">
      <Filter>Fichiers sources\Scenes</Filter>
    </ClCompile>
  </ItemGroup>
  <ItemGroup>
    <Image Include="..\container.jpg">
      <Filter>Fichiers de ressources</Filter>
    </Image>
    <Image Include="..\Assets\containerWithIron.png">
      <Filter>Fichiers de ressources</Filter>
    </Image>
  </ItemGroup>
  <ItemGroup>
    <ClInclude Include="Camera.h">
      <Filter>Fichiers d%27en-tête\Tools</Filter>
    </ClInclude>
    <ClInclude Include="Mesh.h">
      <Filter>Fichiers d%27en-tête\Tools</Filter>
    </ClInclude>
    <ClInclude Include="Model.h">
      <Filter>Fichiers d%27en-tête\Tools</Filter>
    </ClInclude>
    <ClInclude Include="Shader.h">
      <Filter>Fichiers d%27en-tête\Tools</Filter>
    </ClInclude>
    <ClInclude Include="SkyBox.h">
      <Filter>Fichiers d%27en-tête\Tools</Filter>
    </ClInclude>
    <ClInclude Include="DefaultScene.h">
      <Filter>Fichiers d%27en-tête\Scenes</Filter>
    </ClInclude>
    <ClInclude Include="EmptyScene.h">
      <Filter>Fichiers d%27en-tête\Scenes</Filter>
    </ClInclude>
    <ClInclude Include="ImageTexture.h">
      <Filter>Fichiers d%27en-tête\Tools</Filter>
    </ClInclude>
    <ClInclude Include="ImportedModel.h">
      <Filter>Fichiers d%27en-tête\Tools</Filter>
    </ClInclude>
    <ClInclude Include="Scene.h">
      <Filter>Fichiers d%27en-tête\Scenes</Filter>
    </ClInclude>
    <ClInclude Include="PostProcessedScene.h">
      <Filter>Fichiers d%27en-tête\Scenes</Filter>
    </ClInclude>
    <ClInclude Include="VoxelScene.h">
      <Filter>Fichiers d%27en-tête\Scenes</Filter>
    </ClInclude>
  </ItemGroup>
  <ItemGroup>
    <None Include="shaders\CubeFragmentShader.fs">
      <Filter>Shaders</Filter>
    </None>
    <None Include="shaders\CubeVertexShader.vs">
      <Filter>Shaders</Filter>
    </None>
    <None Include="shaders\LightSourceFragmentShader.fs">
      <Filter>Shaders</Filter>
    </None>
    <None Include="shaders\LightSourceVertexShader.vs">
      <Filter>Shaders</Filter>
    </None>
    <None Include="shaders\TeapotFragmentShader.fs">
      <Filter>Shaders</Filter>
    </None>
    <None Include="shaders\TeapotVertexShader.vs">
      <Filter>Shaders</Filter>
    </None>
    <None Include="shaders\HighlightFragmentShader.fs">
      <Filter>Shaders</Filter>
    </None>
    <None Include="shaders\HighlightVertexShader.vs">
      <Filter>Shaders</Filter>
    </None>
    <None Include="shaders\ScreenFragmentShader.fs">
      <Filter>Shaders</Filter>
    </None>
    <None Include="shaders\ScreenVertexShader.vs">
      <Filter>Shaders</Filter>
    </None>
    <None Include="shaders\SkyboxFragmentShader.fs">
      <Filter>Shaders</Filter>
    </None>
    <None Include="shaders\SkyboxVertexShader.vs">
      <Filter>Shaders</Filter>
    </None>
  </ItemGroup>
</Project>